
Microsoft Visual Studio Solution File, Format Version 12.00
# Visual Studio 14
VisualStudioVersion = 14.0.24720.0
MinimumVisualStudioVersion = 10.0.40219.1
Project("{2150E333-8FDC-42A3-9474-1A3956D46DE8}") = "api", "api", "{FFC9B1DC-F72F-45DC-93DA-2404560218A7}"
EndProject
Project("{2150E333-8FDC-42A3-9474-1A3956D46DE8}") = "rpc", "rpc", "{F5549174-9031-44B9-9555-40791FF75D6A}"
EndProject
Project("{2150E333-8FDC-42A3-9474-1A3956D46DE8}") = "application", "application", "{4A5579A5-0634-417B-A222-04A40F5297AA}"
EndProject
Project("{FAE04EC0-301F-11D3-BF4B-00C04F79EFBC}") = "Api", "api\Api\Api.csproj", "{3CCE772B-2D3C-424A-955D-2E01A090CEC3}"
EndProject
Project("{FAE04EC0-301F-11D3-BF4B-00C04F79EFBC}") = "Api.Configuration", "api\Api.Configuration\Api.Configuration.csproj", "{3A4184AE-528F-46D0-B21B-6CBC6E83BEC6}"
EndProject
Project("{8BC9CEB8-8B4A-11D0-8D11-00A0C91BC942}") = "rpc_interface", "rpc\rpc_interface\rpc_interface.vcxproj", "{6536EBEC-014E-4D6B-97BE-223137694CA8}"
EndProject
Project("{8BC9CEB8-8B4A-11D0-8D11-00A0C91BC942}") = "rpc_server_native", "rpc\rpc_server_native\rpc_server_native.vcxproj", "{8FA71DFA-EA26-443F-A215-4F7D6F0FB2E5}"
EndProject
Project("{8BC9CEB8-8B4A-11D0-8D11-00A0C91BC942}") = "rpc_client_cli", "rpc\rpc_client_cli\rpc_client_cli.vcxproj", "{69E22FD2-5F8D-48A2-9398-31B3ACE91312}"
EndProject
Project("{8BC9CEB8-8B4A-11D0-8D11-00A0C91BC942}") = "rpc_client_native", "rpc\rpc_client_native\rpc_client_native.vcxproj", "{758DB129-9123-4E1B-A6C3-47323714123A}"
EndProject
Project("{FAE04EC0-301F-11D3-BF4B-00C04F79EFBC}") = "Api.Starter", "api\Api.Starter\Api.Starter.csproj", "{D51B7B82-A658-4900-A932-C6008BDFD2D7}"
EndProject
Project("{8BC9CEB8-8B4A-11D0-8D11-00A0C91BC942}") = "demo", "application\demo\demo.vcxproj", "{7C456124-7CBB-4361-A986-A609A12DE5D9}"
EndProject
Global
	GlobalSection(SolutionConfigurationPlatforms) = preSolution
		Debug|Any CPU = Debug|Any CPU
		Debug|x64 = Debug|x64
		Debug|x86 = Debug|x86
		Release|Any CPU = Release|Any CPU
		Release|x64 = Release|x64
		Release|x86 = Release|x86
	EndGlobalSection
	GlobalSection(ProjectConfigurationPlatforms) = postSolution
		{3CCE772B-2D3C-424A-955D-2E01A090CEC3}.Debug|Any CPU.ActiveCfg = Debug|x64
		{3CCE772B-2D3C-424A-955D-2E01A090CEC3}.Debug|x64.ActiveCfg = Debug|x64
		{3CCE772B-2D3C-424A-955D-2E01A090CEC3}.Debug|x64.Build.0 = Debug|x64
		{3CCE772B-2D3C-424A-955D-2E01A090CEC3}.Debug|x86.ActiveCfg = Debug|x64
		{3CCE772B-2D3C-424A-955D-2E01A090CEC3}.Release|Any CPU.ActiveCfg = Release|x64
		{3CCE772B-2D3C-424A-955D-2E01A090CEC3}.Release|x64.ActiveCfg = Release|x64
		{3CCE772B-2D3C-424A-955D-2E01A090CEC3}.Release|x64.Build.0 = Release|x64
		{3CCE772B-2D3C-424A-955D-2E01A090CEC3}.Release|x86.ActiveCfg = Release|x64
		{3A4184AE-528F-46D0-B21B-6CBC6E83BEC6}.Debug|Any CPU.ActiveCfg = Debug|x64
		{3A4184AE-528F-46D0-B21B-6CBC6E83BEC6}.Debug|x64.ActiveCfg = Debug|x64
		{3A4184AE-528F-46D0-B21B-6CBC6E83BEC6}.Debug|x64.Build.0 = Debug|x64
		{3A4184AE-528F-46D0-B21B-6CBC6E83BEC6}.Debug|x86.ActiveCfg = Debug|x64
		{3A4184AE-528F-46D0-B21B-6CBC6E83BEC6}.Release|Any CPU.ActiveCfg = Release|x64
		{3A4184AE-528F-46D0-B21B-6CBC6E83BEC6}.Release|x64.ActiveCfg = Release|x64
		{3A4184AE-528F-46D0-B21B-6CBC6E83BEC6}.Release|x64.Build.0 = Release|x64
		{3A4184AE-528F-46D0-B21B-6CBC6E83BEC6}.Release|x86.ActiveCfg = Release|x64
		{6536EBEC-014E-4D6B-97BE-223137694CA8}.Debug|Any CPU.ActiveCfg = Debug|x64
		{6536EBEC-014E-4D6B-97BE-223137694CA8}.Debug|x64.ActiveCfg = Debug|x64
		{6536EBEC-014E-4D6B-97BE-223137694CA8}.Debug|x64.Build.0 = Debug|x64
		{6536EBEC-014E-4D6B-97BE-223137694CA8}.Debug|x86.ActiveCfg = Debug|x64
		{6536EBEC-014E-4D6B-97BE-223137694CA8}.Release|Any CPU.ActiveCfg = Release|x64
		{6536EBEC-014E-4D6B-97BE-223137694CA8}.Release|x64.ActiveCfg = Release|x64
		{6536EBEC-014E-4D6B-97BE-223137694CA8}.Release|x64.Build.0 = Release|x64
		{6536EBEC-014E-4D6B-97BE-223137694CA8}.Release|x86.ActiveCfg = Release|x64
		{8FA71DFA-EA26-443F-A215-4F7D6F0FB2E5}.Debug|Any CPU.ActiveCfg = Debug|x64
		{8FA71DFA-EA26-443F-A215-4F7D6F0FB2E5}.Debug|x64.ActiveCfg = Debug|x64
		{8FA71DFA-EA26-443F-A215-4F7D6F0FB2E5}.Debug|x64.Build.0 = Debug|x64
		{8FA71DFA-EA26-443F-A215-4F7D6F0FB2E5}.Debug|x86.ActiveCfg = Debug|x64
		{8FA71DFA-EA26-443F-A215-4F7D6F0FB2E5}.Release|Any CPU.ActiveCfg = Release|x64
		{8FA71DFA-EA26-443F-A215-4F7D6F0FB2E5}.Release|x64.ActiveCfg = Release|x64
		{8FA71DFA-EA26-443F-A215-4F7D6F0FB2E5}.Release|x64.Build.0 = Release|x64
		{8FA71DFA-EA26-443F-A215-4F7D6F0FB2E5}.Release|x86.ActiveCfg = Release|x64
		{69E22FD2-5F8D-48A2-9398-31B3ACE91312}.Debug|Any CPU.ActiveCfg = Debug|x64
		{69E22FD2-5F8D-48A2-9398-31B3ACE91312}.Debug|x64.ActiveCfg = Debug|x64
		{69E22FD2-5F8D-48A2-9398-31B3ACE91312}.Debug|x64.Build.0 = Debug|x64
		{69E22FD2-5F8D-48A2-9398-31B3ACE91312}.Debug|x86.ActiveCfg = Debug|x64
		{69E22FD2-5F8D-48A2-9398-31B3ACE91312}.Release|Any CPU.ActiveCfg = Release|x64
		{69E22FD2-5F8D-48A2-9398-31B3ACE91312}.Release|x64.ActiveCfg = Release|x64
		{69E22FD2-5F8D-48A2-9398-31B3ACE91312}.Release|x64.Build.0 = Release|x64
		{69E22FD2-5F8D-48A2-9398-31B3ACE91312}.Release|x86.ActiveCfg = Release|x64
		{758DB129-9123-4E1B-A6C3-47323714123A}.Debug|Any CPU.ActiveCfg = Debug|x64
		{758DB129-9123-4E1B-A6C3-47323714123A}.Debug|x64.ActiveCfg = Debug|x64
		{758DB129-9123-4E1B-A6C3-47323714123A}.Debug|x64.Build.0 = Debug|x64
		{758DB129-9123-4E1B-A6C3-47323714123A}.Debug|x86.ActiveCfg = Debug|x64
		{758DB129-9123-4E1B-A6C3-47323714123A}.Release|Any CPU.ActiveCfg = Release|x64
		{758DB129-9123-4E1B-A6C3-47323714123A}.Release|x64.ActiveCfg = Release|x64
		{758DB129-9123-4E1B-A6C3-47323714123A}.Release|x64.Build.0 = Release|x64
		{758DB129-9123-4E1B-A6C3-47323714123A}.Release|x86.ActiveCfg = Release|x64
		{D51B7B82-A658-4900-A932-C6008BDFD2D7}.Debug|Any CPU.ActiveCfg = Debug|x64
		{D51B7B82-A658-4900-A932-C6008BDFD2D7}.Debug|x64.ActiveCfg = Debug|x64
		{D51B7B82-A658-4900-A932-C6008BDFD2D7}.Debug|x64.Build.0 = Debug|x64
		{D51B7B82-A658-4900-A932-C6008BDFD2D7}.Debug|x86.ActiveCfg = Debug|x64
		{D51B7B82-A658-4900-A932-C6008BDFD2D7}.Release|Any CPU.ActiveCfg = Release|x64
		{D51B7B82-A658-4900-A932-C6008BDFD2D7}.Release|x64.ActiveCfg = Release|x64
		{D51B7B82-A658-4900-A932-C6008BDFD2D7}.Release|x64.Build.0 = Release|x64
		{D51B7B82-A658-4900-A932-C6008BDFD2D7}.Release|x86.ActiveCfg = Release|x64
		{7C456124-7CBB-4361-A986-A609A12DE5D9}.Debug|Any CPU.ActiveCfg = Debug|Win32
		{7C456124-7CBB-4361-A986-A609A12DE5D9}.Debug|x64.ActiveCfg = Debug|x64
		{7C456124-7CBB-4361-A986-A609A12DE5D9}.Debug|x64.Build.0 = Debug|x64
		{7C456124-7CBB-4361-A986-A609A12DE5D9}.Debug|x86.ActiveCfg = Debug|Win32
		{7C456124-7CBB-4361-A986-A609A12DE5D9}.Debug|x86.Build.0 = Debug|Win32
		{7C456124-7CBB-4361-A986-A609A12DE5D9}.Release|Any CPU.ActiveCfg = Release|Win32
		{7C456124-7CBB-4361-A986-A609A12DE5D9}.Release|x64.ActiveCfg = Release|x64
		{7C456124-7CBB-4361-A986-A609A12DE5D9}.Release|x64.Build.0 = Release|x64
		{7C456124-7CBB-4361-A986-A609A12DE5D9}.Release|x86.ActiveCfg = Release|Win32
		{7C456124-7CBB-4361-A986-A609A12DE5D9}.Release|x86.Build.0 = Release|Win32
	EndGlobalSection
	GlobalSection(SolutionProperties) = preSolution
		HideSolutionNode = FALSE
	EndGlobalSection
	GlobalSection(NestedProjects) = preSolution
		{3CCE772B-2D3C-424A-955D-2E01A090CEC3} = {FFC9B1DC-F72F-45DC-93DA-2404560218A7}
		{3A4184AE-528F-46D0-B21B-6CBC6E83BEC6} = {FFC9B1DC-F72F-45DC-93DA-2404560218A7}
		{6536EBEC-014E-4D6B-97BE-223137694CA8} = {F5549174-9031-44B9-9555-40791FF75D6A}
		{8FA71DFA-EA26-443F-A215-4F7D6F0FB2E5} = {F5549174-9031-44B9-9555-40791FF75D6A}
		{69E22FD2-5F8D-48A2-9398-31B3ACE91312} = {F5549174-9031-44B9-9555-40791FF75D6A}
		{758DB129-9123-4E1B-A6C3-47323714123A} = {F5549174-9031-44B9-9555-40791FF75D6A}
		{D51B7B82-A658-4900-A932-C6008BDFD2D7} = {FFC9B1DC-F72F-45DC-93DA-2404560218A7}
		{7C456124-7CBB-4361-A986-A609A12DE5D9} = {4A5579A5-0634-417B-A222-04A40F5297AA}
	EndGlobalSection
EndGlobal
